{
    "_readme": [
        "This file locks the dependencies of your project to a known state",
        "Read more about it at https://getcomposer.org/doc/01-basic-usage.md#installing-dependencies",
        "This file is @generated automatically"
    ],
    "content-hash": "26f101d45c8c6bd97d34b272095dd846",
    "packages": [
        {
            "name": "small4ange/katka-v-composer",
            "version": "1.0.2",
            "source": {
                "type": "git",
                "url": "https://github.com/small4ange/katka-v-composer.git",
                "reference": "dbebd46fd2b4cbe034eee88e58fe4e2756dafc55"
            },
            "dist": {
                "type": "zip",
                "url": "https://api.github.com/repos/small4ange/katka-v-composer/zipball/dbebd46fd2b4cbe034eee88e58fe4e2756dafc55",
                "reference": "dbebd46fd2b4cbe034eee88e58fe4e2756dafc55",
                "shasum": ""
            },
            "require": {
                "writecrow/lorem_gutenberg": "^1.1"
            },
            "type": "library",
            "autoload": {
                "psr-4": {
                    "Small4ange\\KatkaVComposer\\": "src/"
                }
            },
            "notification-url": "https://packagist.org/downloads/",
            "authors": [
                {
                    "name": "volkova",
                    "email": "katrinavolk37695@gmail.com"
                }
            ],
            "support": {
                "issues": "https://github.com/small4ange/katka-v-composer/issues",
                "source": "https://github.com/small4ange/katka-v-composer/tree/1.0.2"
            },
            "time": "2026-08-03T11:37:24+00:00"
        },
        {
            "name": "writecrow/lorem_gutenberg",
            "version": "1.1",
            "source": {
                "type": "git",
                "url": "https://github.com/writecrow/lorem_gutenberg.git",
                "reference": "37bdd4048e75a2947c296d570f4ea631412abd71"
            },
            "dist": {
                "type": "zip",
                "url": "https://api.github.com/repos/writecrow/lorem_gutenberg/zipball/37bdd4048e75a2947c296d570f4ea631412abd71",
                "reference": "37bdd4048e75a2947c296d570f4ea631412abd71",
                "shasum": ""
            },
            "require-dev": {
                "phpunit/phpunit": "~4"
            },
            "suggest": {
                "ext-mbstring": "For best performance",
                "symfony/polyfill-mbstring": "If you can't install ext-mbstring"
            },
            "type": "library",
            "autoload": {
                "psr-4": {
                    "writecrow\\LoremGutenberg\\": [
                        "src/",
                        "test/"
                    ]
                }
            },
            "notification-url": "https://packagist.org/downloads/",
            "license": [
                "MIT"
            ],
            "authors": [
                {
                    "name": "Mark Fullmer",
                    "email": "mark.writecrow@gmail.com",
                    "homepage": "https://markfullmer.com",
                    "role": "Developer"
                }
            ],
            "description": "A PHP library for generating filler text from Project Gutenberg books",
            "support": {
                "email": "mark.writecrow@gmail.com",
                "issues": "https://github.com/writecrow/lorem_gutenberg/issues",
                "source": "https://github.com/writecrow/lorem_gutenberg"
            },
            "time": "2018-01-11T20:11:01+00:00"
        }
    ],
    "packages-dev": [],
    "aliases": [],
    "minimum-stability": "stable",
    "stability-flags": {},
    "prefer-stable": false,
    "prefer-lowest": false,
    "platform": {},
    "platform-dev": {},
    "plugin-api-version": "2.9.0"
}
